github.com/fatih/structtag v1.2.0 h1:/OdNE99OxoI/PqaW/SuSK9uxxT3f/tcSZgon/ssNSx4=
github.com/fatih/structtag v1.2.0/go.mod h1:mBJUNpUnHmRKrKlQQlmCrh5PuhftFbNv8Ys4/aAZl94=
github.com/spf13/pflag v1.0.5 h1:iy+VFUOCP1a+8yFto/drg2CJ5u0yRoB7fZw3DKv/JXA=
github.com/spf13/pflag v1.0.5/go.mod h1:McXfInJRrz4CZXVZOBLb0bTZqETkiAhM9Iw0y3An2Bg=
golang.org/x/mod v0.12.0 h1:rmsUpXtvNzj340zd98LZ4KntptpfRHwpFOHG188oHXc=
golang.org/x/mod v0.12.0/go.mod h1:iBbtSCu2XBx23ZKBPSOrRkjjQPZFPuis4dIYUhu/chs=
golang.org/x/sync v0.3.0 h1:ftCYgMx6zT/asHUrPw8BLLscYtGznsLAnjq5RH9P66E=
golang.org/x/sys v0.11.0 h1:eG7RXZHdqOJ1i+0lgLgCpSXAp6M3LYlAo6osgSi0xOM=
golang.org/x/sys v0.11.0/go.mod h1:oPkhp1MJrh7nUepCBck5+mAzfO9JrbApNNgaTdGDITg=
golang.org/x/tools v0.12.1-0.20230815132531-74c255bcf846 h1:Vve/L0v7CXXuxUmaMGIEK/dEeq7uiqb5qBgQrZzIE7E=
golang.org/x/tools v0.12.1-0.20230815132531-74c255bcf846/go.mod h1:Sc0INKfu04TlqNoRA1hgpFZbhYXHPr4V5DzpSBTPqQM=
htdvisser.dev/exp/clicontext v1.1.0 h1:R/0VPidzSTM5CiW8WgS6a4maWI+I8kjk7aZ57R0vZMk=
htdvisser.dev/exp/clicontext v1.1.0/go.mod h1:ENk5Zc9tuQJ2QBPCdMg4XSHFuUwnDV1cEdOnva8z5MM=
htdvisser.dev/exp/stringslice v1.0.0 h1:PJtNfBtMM5Ln45A6UyKp6gN4ioec41iHDwG5mLcNCnc=
htdvisser.dev/exp/stringslice v1.0.0/go.mod h1:RMMslP7v+ulqn7hAi1ekNvn/HmLNjV6Ahv6KniKi2YA=
